
Microsoft Visual Studio Solution File, Format Version 12.00
# Visual Studio Version 16
VisualStudioVersion = 16.0.32929.386
MinimumVisualStudioVersion = 10.0.40219.1
Project("{FAE04EC0-301F-11D3-BF4B-00C04F79EFBC}") = "GepteremProjekt", "GepteremProjekt\GepteremProjekt.csproj", "{AD4FF32F-895C-4DF5-B87F-20113B44E5E7}"
EndProject
Global
	GlobalSection(SolutionConfigurationPlatforms) = preSolution
		Debug|Any CPU = Debug|Any CPU
		Release|Any CPU = Release|Any CPU
	EndGlobalSection
	GlobalSection(ProjectConfigurationPlatforms) = postSolution
		{AD4FF32F-895C-4DF5-B87F-20113B44E5E7}.Debug|Any CPU.ActiveCfg = Debug|Any CPU
		{AD4FF32F-895C-4DF5-B87F-20113B44E5E7}.Debug|Any CPU.Build.0 = Debug|Any CPU
		{AD4FF32F-895C-4DF5-B87F-20113B44E5E7}.Release|Any CPU.ActiveCfg = Release|Any CPU
		{AD4FF32F-895C-4DF5-B87F-20113B44E5E7}.Release|Any CPU.Build.0 = Release|Any CPU
	EndGlobalSection
	GlobalSection(SolutionProperties) = preSolution
		HideSolutionNode = FALSE
	EndGlobalSection
	GlobalSection(ExtensibilityGlobals) = postSolution
		SolutionGuid = {F7A1C747-3B49-4CFA-AC36-45D2218BAA54}
	EndGlobalSection
EndGlobal
